
Microsoft Visual Studio Solution File, Format Version 12.00
# Visual Studio Version 17
VisualStudioVersion = 17.12.35521.163
MinimumVisualStudioVersion = 10.0.40219.1
Project("{2150E333-8FDC-42A3-9474-1A3956D46DE8}") = "1.Presentation", "1.Presentation", "{02EA681E-C7D8-13C7-8484-4AC65E1B71E8}"
EndProject
Project("{2150E333-8FDC-42A3-9474-1A3956D46DE8}") = "3.Domain", "3.Domain", "{E60C87E9-42A2-4EA2-8268-7C991EAF49BB}"
EndProject
Project("{2150E333-8FDC-42A3-9474-1A3956D46DE8}") = "4.Infrastructure", "4.Infrastructure", "{3B2530F6-25D1-49F9-A36C-0A3014FA323E}"
EndProject
Project("{FAE04EC0-301F-11D3-BF4B-00C04F79EFBC}") = "Lab.Infra", "Lab.Infra\Lab.Infra.csproj", "{AFFD96DB-B08B-4320-9818-91E6BB68C6FF}"
EndProject
Project("{2150E333-8FDC-42A3-9474-1A3956D46DE8}") = "0.Documentacion", "0.Documentacion", "{34A69482-3A1A-4439-B380-BDC6E59313A0}"
	ProjectSection(SolutionItems) = preProject
		Help.txt = Help.txt
	EndProjectSection
EndProject
Project("{2150E333-8FDC-42A3-9474-1A3956D46DE8}") = "2.Application", "2.Application", "{D1DBD6EF-6C07-4215-AEBD-B8CF45E1DA05}"
EndProject
Project("{FAE04EC0-301F-11D3-BF4B-00C04F79EFBC}") = "Lab.Application", "Lab.Application\Lab.Application.csproj", "{DFE9395C-8FDB-4910-B951-5D9A4586BE06}"
EndProject
Project("{2150E333-8FDC-42A3-9474-1A3956D46DE8}") = "Monolito", "Monolito", "{15EAA96A-CEA2-420D-AEB4-B7F8D606EA24}"
EndProject
Project("{2150E333-8FDC-42A3-9474-1A3956D46DE8}") = "MSProduct", "MSProduct", "{FAC3F804-D874-41AA-AB95-5074EDD4B994}"
EndProject
Project("{2150E333-8FDC-42A3-9474-1A3956D46DE8}") = "MSOrder", "MSOrder", "{06BC9BA6-A80E-4C90-AC84-685960A61378}"
EndProject
Project("{2150E333-8FDC-42A3-9474-1A3956D46DE8}") = "1.API", "1.API", "{4059D271-2DAC-4419-8647-6CBF7D806033}"
EndProject
Project("{2150E333-8FDC-42A3-9474-1A3956D46DE8}") = "2.Application", "2.Application", "{F255FE0C-9A90-4988-9971-1221AC618053}"
EndProject
Project("{2150E333-8FDC-42A3-9474-1A3956D46DE8}") = "3.Domain", "3.Domain", "{76B443BD-FEE7-46F2-BF59-72B1A4BC7A64}"
EndProject
Project("{2150E333-8FDC-42A3-9474-1A3956D46DE8}") = "4.Infra", "4.Infra", "{A6A5AF17-021E-41ED-9BEF-7657D22146D1}"
EndProject
Project("{2150E333-8FDC-42A3-9474-1A3956D46DE8}") = "1.API", "1.API", "{1F9F62BA-056B-47E3-9889-D564A4EB34B2}"
EndProject
Project("{2150E333-8FDC-42A3-9474-1A3956D46DE8}") = "2.Application", "2.Application", "{1AF5BBED-1A07-4007-ADA7-882C2CCAE248}"
EndProject
Project("{2150E333-8FDC-42A3-9474-1A3956D46DE8}") = "3.Domain", "3.Domain", "{83926AE7-C451-4C3B-B0E9-70B9EDAC59EE}"
EndProject
Project("{2150E333-8FDC-42A3-9474-1A3956D46DE8}") = "4.Infra", "4.Infra", "{7431EE54-D70F-43DC-AE29-BFF4C88B2D4B}"
EndProject
Project("{FAE04EC0-301F-11D3-BF4B-00C04F79EFBC}") = "MSProduct.API", "MS.Product.API\MSProduct.API.csproj", "{530FE733-7CEC-4207-90BA-F390998052AF}"
EndProject
Project("{FAE04EC0-301F-11D3-BF4B-00C04F79EFBC}") = "MSProduct.Application", "MS.Product.Application\MSProduct.Application.csproj", "{52FE8327-3BC2-407E-86A0-C10D27D797F3}"
EndProject
Project("{FAE04EC0-301F-11D3-BF4B-00C04F79EFBC}") = "MSProduct.Domain", "MS.Product.Domain\MSProduct.Domain.csproj", "{56C713FD-DC4D-454A-8D8F-92A7D3AABD43}"
EndProject
Project("{FAE04EC0-301F-11D3-BF4B-00C04F79EFBC}") = "MSProduct.Infrastructure", "MS.Product.Infraestructure\MSProduct.Infrastructure.csproj", "{A4C326ED-959D-4C60-9883-0BC7B3713C9B}"
EndProject
Project("{FAE04EC0-301F-11D3-BF4B-00C04F79EFBC}") = "MSOrder.API", "MS.Order.API\MSOrder.API.csproj", "{15B7E483-F73B-4554-BCE6-954AB484036B}"
EndProject
Project("{FAE04EC0-301F-11D3-BF4B-00C04F79EFBC}") = "MSOrder.Domain", "MSOrder.Domain\MSOrder.Domain.csproj", "{45818CCD-B70F-477D-9514-D63C23891BD4}"
EndProject
Project("{FAE04EC0-301F-11D3-BF4B-00C04F79EFBC}") = "MSOrder.Application", "MSOrder.Application\MSOrder.Application.csproj", "{37338455-8745-400C-B18E-4E63EE332353}"
EndProject
Project("{FAE04EC0-301F-11D3-BF4B-00C04F79EFBC}") = "MSOrder.Infrastructure", "MSOrder.Infrastructure\MSOrder.Infrastructure.csproj", "{3121782F-852A-4759-B085-F80A42DFC795}"
EndProject
Project("{FAE04EC0-301F-11D3-BF4B-00C04F79EFBC}") = "Lab.Core", "Lab.Core\Lab.Core.csproj", "{52ACC681-E29A-7C89-353B-7730AC78EEC3}"
EndProject
Project("{FAE04EC0-301F-11D3-BF4B-00C04F79EFBC}") = "Lab.Domain", "Lab.Domain\Lab.Domain.csproj", "{A1520B6B-AA08-4A77-7051-DB491FFE4B2E}"
EndProject
Project("{FAE04EC0-301F-11D3-BF4B-00C04F79EFBC}") = "API", "API\API.csproj", "{CBFA08EA-AECE-205F-7B85-326FD0B81BAD}"
EndProject
Project("{2150E333-8FDC-42A3-9474-1A3956D46DE8}") = "MSCustomer", "MSCustomer", "{9601A9EF-9F7A-41DE-8AD8-5EB0A358BCC7}"
EndProject
Project("{2150E333-8FDC-42A3-9474-1A3956D46DE8}") = "2.Application", "2.Application", "{6CC8D2DD-185E-47D0-B3EC-ECC51122B202}"
EndProject
Project("{2150E333-8FDC-42A3-9474-1A3956D46DE8}") = "3.Domain", "3.Domain", "{82A2FDAA-8D3A-45E2-8A5E-E72A3990FA7B}"
EndProject
Project("{2150E333-8FDC-42A3-9474-1A3956D46DE8}") = "4.Infra", "4.Infra", "{D7220984-B690-4318-A795-9788A4F8F474}"
EndProject
Project("{2150E333-8FDC-42A3-9474-1A3956D46DE8}") = "1.API", "1.API", "{3A9076C3-2405-4A2F-BCDF-83FF33293154}"
EndProject
Project("{FAE04EC0-301F-11D3-BF4B-00C04F79EFBC}") = "MSCustomer.API", "MSCustomer.API\MSCustomer.API.csproj", "{C5201EB6-CE5D-4FA4-B73E-BC5E11037DF9}"
	ProjectSection(ProjectDependencies) = postProject
		{58C6F94D-D3FC-4BAE-93CE-3D8E3877EB15} = {58C6F94D-D3FC-4BAE-93CE-3D8E3877EB15}
		{828D8A39-A423-4146-85E3-20CE6CFDF35D} = {828D8A39-A423-4146-85E3-20CE6CFDF35D}
	EndProjectSection
EndProject
Project("{FAE04EC0-301F-11D3-BF4B-00C04F79EFBC}") = "MSCustomer.Application", "MSCustomer.Application\MSCustomer.Application.csproj", "{58C6F94D-D3FC-4BAE-93CE-3D8E3877EB15}"
	ProjectSection(ProjectDependencies) = postProject
		{608340C1-EB80-4CC3-B91D-8A6A6F14AB59} = {608340C1-EB80-4CC3-B91D-8A6A6F14AB59}
	EndProjectSection
EndProject
Project("{FAE04EC0-301F-11D3-BF4B-00C04F79EFBC}") = "MSCustomer.Domain", "MSCustomer.Domain\MSCustomer.Domain.csproj", "{608340C1-EB80-4CC3-B91D-8A6A6F14AB59}"
EndProject
Project("{FAE04EC0-301F-11D3-BF4B-00C04F79EFBC}") = "MSCustomer.Infrastructure", "MSCustomer.Infraestructure\MSCustomer.Infrastructure.csproj", "{828D8A39-A423-4146-85E3-20CE6CFDF35D}"
	ProjectSection(ProjectDependencies) = postProject
		{58C6F94D-D3FC-4BAE-93CE-3D8E3877EB15} = {58C6F94D-D3FC-4BAE-93CE-3D8E3877EB15}
	EndProjectSection
EndProject
Global
	GlobalSection(SolutionConfigurationPlatforms) = preSolution
		Debug|Any CPU = Debug|Any CPU
		Release|Any CPU = Release|Any CPU
	EndGlobalSection
	GlobalSection(ProjectConfigurationPlatforms) = postSolution
		{AFFD96DB-B08B-4320-9818-91E6BB68C6FF}.Debug|Any CPU.ActiveCfg = Debug|Any CPU
		{AFFD96DB-B08B-4320-9818-91E6BB68C6FF}.Debug|Any CPU.Build.0 = Debug|Any CPU
		{AFFD96DB-B08B-4320-9818-91E6BB68C6FF}.Release|Any CPU.ActiveCfg = Release|Any CPU
		{AFFD96DB-B08B-4320-9818-91E6BB68C6FF}.Release|Any CPU.Build.0 = Release|Any CPU
		{DFE9395C-8FDB-4910-B951-5D9A4586BE06}.Debug|Any CPU.ActiveCfg = Debug|Any CPU
		{DFE9395C-8FDB-4910-B951-5D9A4586BE06}.Debug|Any CPU.Build.0 = Debug|Any CPU
		{DFE9395C-8FDB-4910-B951-5D9A4586BE06}.Release|Any CPU.ActiveCfg = Release|Any CPU
		{DFE9395C-8FDB-4910-B951-5D9A4586BE06}.Release|Any CPU.Build.0 = Release|Any CPU
		{530FE733-7CEC-4207-90BA-F390998052AF}.Debug|Any CPU.ActiveCfg = Debug|Any CPU
		{530FE733-7CEC-4207-90BA-F390998052AF}.Debug|Any CPU.Build.0 = Debug|Any CPU
		{530FE733-7CEC-4207-90BA-F390998052AF}.Release|Any CPU.ActiveCfg = Release|Any CPU
		{530FE733-7CEC-4207-90BA-F390998052AF}.Release|Any CPU.Build.0 = Release|Any CPU
		{52FE8327-3BC2-407E-86A0-C10D27D797F3}.Debug|Any CPU.ActiveCfg = Debug|Any CPU
		{52FE8327-3BC2-407E-86A0-C10D27D797F3}.Debug|Any CPU.Build.0 = Debug|Any CPU
		{52FE8327-3BC2-407E-86A0-C10D27D797F3}.Release|Any CPU.ActiveCfg = Release|Any CPU
		{52FE8327-3BC2-407E-86A0-C10D27D797F3}.Release|Any CPU.Build.0 = Release|Any CPU
		{56C713FD-DC4D-454A-8D8F-92A7D3AABD43}.Debug|Any CPU.ActiveCfg = Debug|Any CPU
		{56C713FD-DC4D-454A-8D8F-92A7D3AABD43}.Debug|Any CPU.Build.0 = Debug|Any CPU
		{56C713FD-DC4D-454A-8D8F-92A7D3AABD43}.Release|Any CPU.ActiveCfg = Release|Any CPU
		{56C713FD-DC4D-454A-8D8F-92A7D3AABD43}.Release|Any CPU.Build.0 = Release|Any CPU
		{A4C326ED-959D-4C60-9883-0BC7B3713C9B}.Debug|Any CPU.ActiveCfg = Debug|Any CPU
		{A4C326ED-959D-4C60-9883-0BC7B3713C9B}.Debug|Any CPU.Build.0 = Debug|Any CPU
		{A4C326ED-959D-4C60-9883-0BC7B3713C9B}.Release|Any CPU.ActiveCfg = Release|Any CPU
		{A4C326ED-959D-4C60-9883-0BC7B3713C9B}.Release|Any CPU.Build.0 = Release|Any CPU
		{15B7E483-F73B-4554-BCE6-954AB484036B}.Debug|Any CPU.ActiveCfg = Debug|Any CPU
		{15B7E483-F73B-4554-BCE6-954AB484036B}.Debug|Any CPU.Build.0 = Debug|Any CPU
		{15B7E483-F73B-4554-BCE6-954AB484036B}.Release|Any CPU.ActiveCfg = Release|Any CPU
		{15B7E483-F73B-4554-BCE6-954AB484036B}.Release|Any CPU.Build.0 = Release|Any CPU
		{45818CCD-B70F-477D-9514-D63C23891BD4}.Debug|Any CPU.ActiveCfg = Debug|Any CPU
		{45818CCD-B70F-477D-9514-D63C23891BD4}.Debug|Any CPU.Build.0 = Debug|Any CPU
		{45818CCD-B70F-477D-9514-D63C23891BD4}.Release|Any CPU.ActiveCfg = Release|Any CPU
		{45818CCD-B70F-477D-9514-D63C23891BD4}.Release|Any CPU.Build.0 = Release|Any CPU
		{37338455-8745-400C-B18E-4E63EE332353}.Debug|Any CPU.ActiveCfg = Debug|Any CPU
		{37338455-8745-400C-B18E-4E63EE332353}.Debug|Any CPU.Build.0 = Debug|Any CPU
		{37338455-8745-400C-B18E-4E63EE332353}.Release|Any CPU.ActiveCfg = Release|Any CPU
		{37338455-8745-400C-B18E-4E63EE332353}.Release|Any CPU.Build.0 = Release|Any CPU
		{3121782F-852A-4759-B085-F80A42DFC795}.Debug|Any CPU.ActiveCfg = Debug|Any CPU
		{3121782F-852A-4759-B085-F80A42DFC795}.Debug|Any CPU.Build.0 = Debug|Any CPU
		{3121782F-852A-4759-B085-F80A42DFC795}.Release|Any CPU.ActiveCfg = Release|Any CPU
		{3121782F-852A-4759-B085-F80A42DFC795}.Release|Any CPU.Build.0 = Release|Any CPU
		{52ACC681-E29A-7C89-353B-7730AC78EEC3}.Debug|Any CPU.ActiveCfg = Debug|Any CPU
		{52ACC681-E29A-7C89-353B-7730AC78EEC3}.Debug|Any CPU.Build.0 = Debug|Any CPU
		{52ACC681-E29A-7C89-353B-7730AC78EEC3}.Release|Any CPU.ActiveCfg = Release|Any CPU
		{52ACC681-E29A-7C89-353B-7730AC78EEC3}.Release|Any CPU.Build.0 = Release|Any CPU
		{A1520B6B-AA08-4A77-7051-DB491FFE4B2E}.Debug|Any CPU.ActiveCfg = Debug|Any CPU
		{A1520B6B-AA08-4A77-7051-DB491FFE4B2E}.Debug|Any CPU.Build.0 = Debug|Any CPU
		{A1520B6B-AA08-4A77-7051-DB491FFE4B2E}.Release|Any CPU.ActiveCfg = Release|Any CPU
		{A1520B6B-AA08-4A77-7051-DB491FFE4B2E}.Release|Any CPU.Build.0 = Release|Any CPU
		{CBFA08EA-AECE-205F-7B85-326FD0B81BAD}.Debug|Any CPU.ActiveCfg = Debug|Any CPU
		{CBFA08EA-AECE-205F-7B85-326FD0B81BAD}.Debug|Any CPU.Build.0 = Debug|Any CPU
		{CBFA08EA-AECE-205F-7B85-326FD0B81BAD}.Release|Any CPU.ActiveCfg = Release|Any CPU
		{CBFA08EA-AECE-205F-7B85-326FD0B81BAD}.Release|Any CPU.Build.0 = Release|Any CPU
		{C5201EB6-CE5D-4FA4-B73E-BC5E11037DF9}.Debug|Any CPU.ActiveCfg = Debug|Any CPU
		{C5201EB6-CE5D-4FA4-B73E-BC5E11037DF9}.Debug|Any CPU.Build.0 = Debug|Any CPU
		{C5201EB6-CE5D-4FA4-B73E-BC5E11037DF9}.Release|Any CPU.ActiveCfg = Release|Any CPU
		{C5201EB6-CE5D-4FA4-B73E-BC5E11037DF9}.Release|Any CPU.Build.0 = Release|Any CPU
		{58C6F94D-D3FC-4BAE-93CE-3D8E3877EB15}.Debug|Any CPU.ActiveCfg = Debug|Any CPU
		{58C6F94D-D3FC-4BAE-93CE-3D8E3877EB15}.Debug|Any CPU.Build.0 = Debug|Any CPU
		{58C6F94D-D3FC-4BAE-93CE-3D8E3877EB15}.Release|Any CPU.ActiveCfg = Release|Any CPU
		{58C6F94D-D3FC-4BAE-93CE-3D8E3877EB15}.Release|Any CPU.Build.0 = Release|Any CPU
		{608340C1-EB80-4CC3-B91D-8A6A6F14AB59}.Debug|Any CPU.ActiveCfg = Debug|Any CPU
		{608340C1-EB80-4CC3-B91D-8A6A6F14AB59}.Debug|Any CPU.Build.0 = Debug|Any CPU
		{608340C1-EB80-4CC3-B91D-8A6A6F14AB59}.Release|Any CPU.ActiveCfg = Release|Any CPU
		{608340C1-EB80-4CC3-B91D-8A6A6F14AB59}.Release|Any CPU.Build.0 = Release|Any CPU
		{828D8A39-A423-4146-85E3-20CE6CFDF35D}.Debug|Any CPU.ActiveCfg = Debug|Any CPU
		{828D8A39-A423-4146-85E3-20CE6CFDF35D}.Debug|Any CPU.Build.0 = Debug|Any CPU
		{828D8A39-A423-4146-85E3-20CE6CFDF35D}.Release|Any CPU.ActiveCfg = Release|Any CPU
		{828D8A39-A423-4146-85E3-20CE6CFDF35D}.Release|Any CPU.Build.0 = Release|Any CPU
	EndGlobalSection
	GlobalSection(SolutionProperties) = preSolution
		HideSolutionNode = FALSE
	EndGlobalSection
	GlobalSection(NestedProjects) = preSolution
		{02EA681E-C7D8-13C7-8484-4AC65E1B71E8} = {15EAA96A-CEA2-420D-AEB4-B7F8D606EA24}
		{E60C87E9-42A2-4EA2-8268-7C991EAF49BB} = {15EAA96A-CEA2-420D-AEB4-B7F8D606EA24}
		{3B2530F6-25D1-49F9-A36C-0A3014FA323E} = {15EAA96A-CEA2-420D-AEB4-B7F8D606EA24}
		{AFFD96DB-B08B-4320-9818-91E6BB68C6FF} = {3B2530F6-25D1-49F9-A36C-0A3014FA323E}
		{34A69482-3A1A-4439-B380-BDC6E59313A0} = {15EAA96A-CEA2-420D-AEB4-B7F8D606EA24}
		{D1DBD6EF-6C07-4215-AEBD-B8CF45E1DA05} = {15EAA96A-CEA2-420D-AEB4-B7F8D606EA24}
		{DFE9395C-8FDB-4910-B951-5D9A4586BE06} = {D1DBD6EF-6C07-4215-AEBD-B8CF45E1DA05}
		{4059D271-2DAC-4419-8647-6CBF7D806033} = {06BC9BA6-A80E-4C90-AC84-685960A61378}
		{F255FE0C-9A90-4988-9971-1221AC618053} = {06BC9BA6-A80E-4C90-AC84-685960A61378}
		{76B443BD-FEE7-46F2-BF59-72B1A4BC7A64} = {06BC9BA6-A80E-4C90-AC84-685960A61378}
		{A6A5AF17-021E-41ED-9BEF-7657D22146D1} = {06BC9BA6-A80E-4C90-AC84-685960A61378}
		{1F9F62BA-056B-47E3-9889-D564A4EB34B2} = {FAC3F804-D874-41AA-AB95-5074EDD4B994}
		{1AF5BBED-1A07-4007-ADA7-882C2CCAE248} = {FAC3F804-D874-41AA-AB95-5074EDD4B994}
		{83926AE7-C451-4C3B-B0E9-70B9EDAC59EE} = {FAC3F804-D874-41AA-AB95-5074EDD4B994}
		{7431EE54-D70F-43DC-AE29-BFF4C88B2D4B} = {FAC3F804-D874-41AA-AB95-5074EDD4B994}
		{530FE733-7CEC-4207-90BA-F390998052AF} = {1F9F62BA-056B-47E3-9889-D564A4EB34B2}
		{52FE8327-3BC2-407E-86A0-C10D27D797F3} = {1AF5BBED-1A07-4007-ADA7-882C2CCAE248}
		{56C713FD-DC4D-454A-8D8F-92A7D3AABD43} = {83926AE7-C451-4C3B-B0E9-70B9EDAC59EE}
		{A4C326ED-959D-4C60-9883-0BC7B3713C9B} = {7431EE54-D70F-43DC-AE29-BFF4C88B2D4B}
		{15B7E483-F73B-4554-BCE6-954AB484036B} = {4059D271-2DAC-4419-8647-6CBF7D806033}
		{45818CCD-B70F-477D-9514-D63C23891BD4} = {76B443BD-FEE7-46F2-BF59-72B1A4BC7A64}
		{37338455-8745-400C-B18E-4E63EE332353} = {F255FE0C-9A90-4988-9971-1221AC618053}
		{3121782F-852A-4759-B085-F80A42DFC795} = {A6A5AF17-021E-41ED-9BEF-7657D22146D1}
		{52ACC681-E29A-7C89-353B-7730AC78EEC3} = {E60C87E9-42A2-4EA2-8268-7C991EAF49BB}
		{A1520B6B-AA08-4A77-7051-DB491FFE4B2E} = {E60C87E9-42A2-4EA2-8268-7C991EAF49BB}
		{CBFA08EA-AECE-205F-7B85-326FD0B81BAD} = {02EA681E-C7D8-13C7-8484-4AC65E1B71E8}
		{6CC8D2DD-185E-47D0-B3EC-ECC51122B202} = {9601A9EF-9F7A-41DE-8AD8-5EB0A358BCC7}
		{82A2FDAA-8D3A-45E2-8A5E-E72A3990FA7B} = {9601A9EF-9F7A-41DE-8AD8-5EB0A358BCC7}
		{D7220984-B690-4318-A795-9788A4F8F474} = {9601A9EF-9F7A-41DE-8AD8-5EB0A358BCC7}
		{3A9076C3-2405-4A2F-BCDF-83FF33293154} = {9601A9EF-9F7A-41DE-8AD8-5EB0A358BCC7}
		{C5201EB6-CE5D-4FA4-B73E-BC5E11037DF9} = {3A9076C3-2405-4A2F-BCDF-83FF33293154}
		{58C6F94D-D3FC-4BAE-93CE-3D8E3877EB15} = {6CC8D2DD-185E-47D0-B3EC-ECC51122B202}
		{608340C1-EB80-4CC3-B91D-8A6A6F14AB59} = {82A2FDAA-8D3A-45E2-8A5E-E72A3990FA7B}
		{828D8A39-A423-4146-85E3-20CE6CFDF35D} = {D7220984-B690-4318-A795-9788A4F8F474}
	EndGlobalSection
	GlobalSection(ExtensibilityGlobals) = postSolution
		SolutionGuid = {EF12A6C2-CFD7-464B-90BB-F7990E14E201}
	EndGlobalSection
EndGlobal
